
Microsoft Visual Studio Solution File, Format Version 12.00
# Visual Studio Version 16
VisualStudioVersion = 16.0.29418.71
MinimumVisualStudioVersion = 10.0.40219.1
Project("{FAE04EC0-301F-11D3-BF4B-00C04F79EFBC}") = "DrinksAndSnacks", "DrinksAndSnacks.csproj", "{B61E0186-1552-42C1-B0AC-E72735290406}"
EndProject
Global
	GlobalSection(SolutionConfigurationPlatforms) = preSolution
		Debug|Any CPU = Debug|Any CPU
		Release|Any CPU = Release|Any CPU
	EndGlobalSection
	GlobalSection(ProjectConfigurationPlatforms) = postSolution
		{B61E0186-1552-42C1-B0AC-E72735290406}.Debug|Any CPU.ActiveCfg = Debug|Any CPU
		{B61E0186-1552-42C1-B0AC-E72735290406}.Debug|Any CPU.Build.0 = Debug|Any CPU
		{B61E0186-1552-42C1-B0AC-E72735290406}.Release|Any CPU.ActiveCfg = Release|Any CPU
		{B61E0186-1552-42C1-B0AC-E72735290406}.Release|Any CPU.Build.0 = Release|Any CPU
	EndGlobalSection
	GlobalSection(SolutionProperties) = preSolution
		HideSolutionNode = FALSE
	EndGlobalSection
	GlobalSection(ExtensibilityGlobals) = postSolution
		SolutionGuid = {EA21562A-9D5E-4BBE-AA04-85A124DB7C30}
	EndGlobalSection
EndGlobal
